{
  "name": "jellybeans",
  "version": "1.0.6",
  "lockfileVersion": 1,
  "dependencies": {
    "monotonic-timestamp": {
      "version": "0.0.9",
      "resolved": "https://registry.npmjs.org/monotonic-timestamp/-/monotonic-timestamp-0.0.9.tgz",
      "integrity": "sha1-W6Wtx6rIXh1853voRxYe0kazlgM="
    }
  }
}
